# This is a Gradle generated file for dependency locking.
# Manual edits can break the build and are not advised.
# This file is expected to be part of source control.
ch.qos.logback:logback-classic:1.3.5=ktlint
ch.qos.logback:logback-core:1.3.5=ktlint
com.android.tools.analytics-library:protos:31.7.3=testRuntimeClasspath
com.android.tools.analytics-library:shared:31.7.3=testRuntimeClasspath
com.android.tools.analytics-library:tracker:31.7.3=testRuntimeClasspath
com.android.tools.build:aapt2-proto:8.7.3-12006047=testRuntimeClasspath
com.android.tools.build:builder-model:8.7.3=testRuntimeClasspath
com.android.tools.build:manifest-merger:31.7.3=compileClasspath,compileOnlyDependenciesMetadata,testCompileClasspath,testImplementationDependenciesMetadata,testRuntimeClasspath
com.android.tools.ddms:ddmlib:31.7.3=testRuntimeClasspath
com.android.tools.external.com-intellij:intellij-core:31.7.3=compileClasspath,compileOnlyDependenciesMetadata,testCompileClasspath,testImplementationDependenciesMetadata,testRuntimeClasspath
com.android.tools.external.com-intellij:kotlin-compiler:31.7.3=compileClasspath,compileOnlyDependenciesMetadata,testCompileClasspath,testImplementationDependenciesMetadata,testRuntimeClasspath
com.android.tools.external.org-jetbrains:uast:31.7.3=compileClasspath,compileOnlyDependenciesMetadata,testCompileClasspath,testImplementationDependenciesMetadata,testRuntimeClasspath
com.android.tools.layoutlib:layoutlib-api:31.7.3=compileClasspath,compileOnlyDependenciesMetadata,testCompileClasspath,testImplementationDependenciesMetadata,testRuntimeClasspath
com.android.tools.lint:lint-api:31.7.3=compileClasspath,compileOnlyDependenciesMetadata,testCompileClasspath,testImplementationDependenciesMetadata,testRuntimeClasspath
com.android.tools.lint:lint-checks:31.7.3=testCompileClasspath,testImplementationDependenciesMetadata,testRuntimeClasspath
com.android.tools.lint:lint-model:31.7.3=compileClasspath,compileOnlyDependenciesMetadata,testCompileClasspath,testImplementationDependenciesMetadata,testRuntimeClasspath
com.android.tools.lint:lint-tests:31.7.3=testCompileClasspath,testImplementationDependenciesMetadata,testRuntimeClasspath
com.android.tools.lint:lint:31.7.3=testRuntimeClasspath
com.android.tools:annotations:31.7.3=compileClasspath,compileOnlyDependenciesMetadata,testCompileClasspath,testImplementationDependenciesMetadata,testRuntimeClasspath
com.android.tools:common:31.7.3=compileClasspath,compileOnlyDependenciesMetadata,testCompileClasspath,testImplementationDependenciesMetadata,testRuntimeClasspath
com.android.tools:dvlib:31.7.3=testRuntimeClasspath
com.android.tools:play-sdk-proto:31.7.3=testRuntimeClasspath
com.android.tools:repository:31.7.3=compileClasspath,compileOnlyDependenciesMetadata,testCompileClasspath,testImplementationDependenciesMetadata,testRuntimeClasspath
com.android.tools:sdk-common:31.7.3=compileClasspath,compileOnlyDependenciesMetadata,testCompileClasspath,testImplementationDependenciesMetadata,testRuntimeClasspath
com.android.tools:sdklib:31.7.3=compileClasspath,compileOnlyDependenciesMetadata,testCompileClasspath,testImplementationDependenciesMetadata,testRuntimeClasspath
com.google.code.findbugs:jsr305:3.0.2=compileClasspath,compileOnlyDependenciesMetadata,testCompileClasspath,testImplementationDependenciesMetadata,testRuntimeClasspath
com.google.code.gson:gson:2.10.1=testRuntimeClasspath
com.google.errorprone:error_prone_annotations:2.18.0=compileClasspath,compileOnlyDependenciesMetadata,testCompileClasspath,testImplementationDependenciesMetadata,testRuntimeClasspath
com.google.guava:failureaccess:1.0.1=compileClasspath,compileOnlyDependenciesMetadata,testCompileClasspath,testImplementationDependenciesMetadata,testRuntimeClasspath
com.google.guava:guava:32.0.1-jre=compileClasspath,compileOnlyDependenciesMetadata,testCompileClasspath,testImplementationDependenciesMetadata,testRuntimeClasspath
com.google.guava:listenablefuture:9999.0-empty-to-avoid-conflict-with-guava=compileClasspath,compileOnlyDependenciesMetadata,testCompileClasspath,testImplementationDependenciesMetadata,testRuntimeClasspath
com.google.j2objc:j2objc-annotations:2.8=compileClasspath,compileOnlyDependenciesMetadata,testCompileClasspath,testImplementationDependenciesMetadata,testRuntimeClasspath
com.google.jimfs:jimfs:1.1=testRuntimeClasspath
com.google.protobuf:protobuf-java:3.22.3=testRuntimeClasspath
com.pinterest.ktlint:ktlint-cli-reporter-baseline:1.0.1=ktlint,ktlintBaselineReporter
com.pinterest.ktlint:ktlint-cli-reporter-checkstyle:1.0.1=ktlint
com.pinterest.ktlint:ktlint-cli-reporter-core:1.0.1=ktlint,ktlintBaselineReporter
com.pinterest.ktlint:ktlint-cli-reporter-format:1.0.1=ktlint
com.pinterest.ktlint:ktlint-cli-reporter-html:1.0.1=ktlint
com.pinterest.ktlint:ktlint-cli-reporter-json:1.0.1=ktlint
com.pinterest.ktlint:ktlint-cli-reporter-plain-summary:1.0.1=ktlint
com.pinterest.ktlint:ktlint-cli-reporter-plain:1.0.1=ktlint
com.pinterest.ktlint:ktlint-cli-reporter-sarif:1.0.1=ktlint
com.pinterest.ktlint:ktlint-cli-ruleset-core:1.0.1=ktlint,ktlintRuleset
com.pinterest.ktlint:ktlint-cli:1.0.1=ktlint
com.pinterest.ktlint:ktlint-logger:1.0.1=ktlint,ktlintBaselineReporter,ktlintRuleset
com.pinterest.ktlint:ktlint-rule-engine-core:1.0.1=ktlint,ktlintBaselineReporter,ktlintRuleset
com.pinterest.ktlint:ktlint-rule-engine:1.0.1=ktlint
com.pinterest.ktlint:ktlint-ruleset-standard:1.0.1=ktlint,ktlintRuleset
com.sun.activation:javax.activation:1.2.0=testRuntimeClasspath
com.sun.istack:istack-commons-runtime:3.0.8=testRuntimeClasspath
com.sun.xml.fastinfoset:FastInfoset:1.2.16=testRuntimeClasspath
commons-codec:commons-codec:1.10=testRuntimeClasspath
commons-io:commons-io:2.13.0=compileClasspath,compileOnlyDependenciesMetadata,testCompileClasspath,testImplementationDependenciesMetadata,testRuntimeClasspath
commons-logging:commons-logging:1.2=testRuntimeClasspath
dev.drewhamilton.poko:poko-annotations-jvm:0.15.0=ktlint,ktlintBaselineReporter,ktlintRuleset
dev.drewhamilton.poko:poko-annotations:0.15.0=ktlint,ktlintBaselineReporter,ktlintRuleset
info.picocli:picocli:4.7.5=ktlint
io.github.detekt.sarif4k:sarif4k-jvm:0.5.0=ktlint,ktlintReporter
io.github.detekt.sarif4k:sarif4k:0.5.0=ktlint,ktlintReporter
io.github.oshai:kotlin-logging-jvm:5.1.0=ktlint,ktlintBaselineReporter,ktlintReporter,ktlintRuleset
io.github.oshai:kotlin-logging:5.1.0=ktlint,ktlintBaselineReporter,ktlintReporter
jakarta.activation:jakarta.activation-api:1.2.1=testRuntimeClasspath
jakarta.xml.bind:jakarta.xml.bind-api:2.3.2=testRuntimeClasspath
javax.inject:javax.inject:1=testRuntimeClasspath
junit:junit:4.13.2=testCompileClasspath,testImplementationDependenciesMetadata,testRuntimeClasspath
net.java.dev.jna:jna-platform:5.6.0=testRuntimeClasspath
net.java.dev.jna:jna:5.6.0=testRuntimeClasspath
net.sf.kxml:kxml2:2.3.0=compileClasspath,compileOnlyDependenciesMetadata,testCompileClasspath,testImplementationDependenciesMetadata,testRuntimeClasspath
org.apache.commons:commons-compress:1.21=testRuntimeClasspath
org.apache.httpcomponents:httpclient:4.5.6=testRuntimeClasspath
org.apache.httpcomponents:httpcore:4.4.16=testRuntimeClasspath
org.apache.httpcomponents:httpmime:4.5.6=testRuntimeClasspath
org.apiguardian:apiguardian-api:1.1.2=testCompileClasspath,testImplementationDependenciesMetadata
org.bouncycastle:bcpkix-jdk18on:1.77=testRuntimeClasspath
org.bouncycastle:bcprov-jdk18on:1.77=testRuntimeClasspath
org.bouncycastle:bcutil-jdk18on:1.77=testRuntimeClasspath
org.checkerframework:checker-qual:3.33.0=compileClasspath,compileOnlyDependenciesMetadata,testCompileClasspath,testImplementationDependenciesMetadata,testRuntimeClasspath
org.codehaus.groovy:groovy:3.0.21=testRuntimeClasspath
org.ec4j.core:ec4j-core:0.3.0=ktlint,ktlintBaselineReporter,ktlintRuleset
org.glassfish.jaxb:jaxb-runtime:2.3.2=testRuntimeClasspath
org.glassfish.jaxb:txw2:2.3.2=testRuntimeClasspath
org.hamcrest:hamcrest-core:1.3=testCompileClasspath,testImplementationDependenciesMetadata,testRuntimeClasspath
org.jetbrains.intellij.deps:trove4j:1.0.20200330=kotlinBuildToolsApiClasspath,kotlinCompilerClasspath,kotlinKlibCommonizerClasspath,ktlint,ktlintBaselineReporter,ktlintRuleset,testRuntimeClasspath
org.jetbrains.kotlin:kotlin-build-tools-api:2.1.21=kotlinBuildToolsApiClasspath
org.jetbrains.kotlin:kotlin-build-tools-impl:2.1.21=kotlinBuildToolsApiClasspath
org.jetbrains.kotlin:kotlin-compiler-embeddable:1.9.10=ktlint,ktlintBaselineReporter,ktlintRuleset
org.jetbrains.kotlin:kotlin-compiler-embeddable:2.1.21=kotlinBuildToolsApiClasspath,kotlinCompilerClasspath,kotlinKlibCommonizerClasspath
org.jetbrains.kotlin:kotlin-compiler-runner:2.1.21=kotlinBuildToolsApiClasspath
org.jetbrains.kotlin:kotlin-daemon-client:2.1.21=kotlinBuildToolsApiClasspath
org.jetbrains.kotlin:kotlin-daemon-embeddable:1.9.10=ktlint,ktlintBaselineReporter,ktlintRuleset
org.jetbrains.kotlin:kotlin-daemon-embeddable:2.1.21=kotlinBuildToolsApiClasspath,kotlinCompilerClasspath,kotlinKlibCommonizerClasspath
org.jetbrains.kotlin:kotlin-klib-commonizer-embeddable:2.1.21=kotlinKlibCommonizerClasspath
org.jetbrains.kotlin:kotlin-reflect:1.6.10=kotlinBuildToolsApiClasspath,kotlinCompilerClasspath,kotlinKlibCommonizerClasspath,ktlint,ktlintBaselineReporter,ktlintRuleset
org.jetbrains.kotlin:kotlin-reflect:1.9.20=compileClasspath,compileOnlyDependenciesMetadata,testCompileClasspath,testImplementationDependenciesMetadata,testRuntimeClasspath
org.jetbrains.kotlin:kotlin-script-runtime:1.9.10=ktlint,ktlintBaselineReporter,ktlintRuleset
org.jetbrains.kotlin:kotlin-script-runtime:2.1.21=kotlinBuildToolsApiClasspath,kotlinCompilerClasspath,kotlinCompilerPluginClasspathMain,kotlinCompilerPluginClasspathTest,kotlinKlibCommonizerClasspath
org.jetbrains.kotlin:kotlin-scripting-common:2.1.21=kotlinBuildToolsApiClasspath,kotlinCompilerPluginClasspathMain,kotlinCompilerPluginClasspathTest
org.jetbrains.kotlin:kotlin-scripting-compiler-embeddable:2.1.21=kotlinBuildToolsApiClasspath,kotlinCompilerPluginClasspathMain,kotlinCompilerPluginClasspathTest
org.jetbrains.kotlin:kotlin-scripting-compiler-impl-embeddable:2.1.21=kotlinBuildToolsApiClasspath,kotlinCompilerPluginClasspathMain,kotlinCompilerPluginClasspathTest
org.jetbrains.kotlin:kotlin-scripting-jvm:2.1.21=kotlinBuildToolsApiClasspath,kotlinCompilerPluginClasspathMain,kotlinCompilerPluginClasspathTest
org.jetbrains.kotlin:kotlin-stdlib-common:1.9.10=ktlint,ktlintBaselineReporter,ktlintReporter,ktlintRuleset
org.jetbrains.kotlin:kotlin-stdlib-jdk7:1.9.10=ktlint,ktlintBaselineReporter,ktlintReporter,ktlintRuleset
org.jetbrains.kotlin:kotlin-stdlib-jdk7:1.9.20=compileClasspath,compileOnlyDependenciesMetadata,testCompileClasspath,testImplementationDependenciesMetadata,testRuntimeClasspath
org.jetbrains.kotlin:kotlin-stdlib-jdk8:1.9.10=ktlint,ktlintBaselineReporter,ktlintReporter,ktlintRuleset
org.jetbrains.kotlin:kotlin-stdlib-jdk8:1.9.20=compileClasspath,compileOnlyDependenciesMetadata,testCompileClasspath,testImplementationDependenciesMetadata,testRuntimeClasspath
org.jetbrains.kotlin:kotlin-stdlib:1.9.10=ktlint,ktlintBaselineReporter,ktlintReporter,ktlintRuleset
org.jetbrains.kotlin:kotlin-stdlib:2.1.21=compileClasspath,compileOnlyDependenciesMetadata,kotlinBuildToolsApiClasspath,kotlinCompilerClasspath,kotlinCompilerPluginClasspathMain,kotlinCompilerPluginClasspathTest,kotlinKlibCommonizerClasspath,testCompileClasspath,testImplementationDependenciesMetadata,testRuntimeClasspath
org.jetbrains.kotlinx:kotlinx-coroutines-core-jvm:1.8.0=kotlinBuildToolsApiClasspath,kotlinCompilerClasspath,kotlinKlibCommonizerClasspath
org.jetbrains.kotlinx:kotlinx-serialization-core-jvm:1.4.1=ktlintReporter
org.jetbrains.kotlinx:kotlinx-serialization-core:1.4.1=ktlintReporter
org.jetbrains.kotlinx:kotlinx-serialization-json-jvm:1.4.1=ktlintReporter
org.jetbrains.kotlinx:kotlinx-serialization-json:1.4.1=ktlintReporter
org.jetbrains:annotations:13.0=compileClasspath,kotlinBuildToolsApiClasspath,kotlinCompilerClasspath,kotlinCompilerPluginClasspathMain,kotlinCompilerPluginClasspathTest,kotlinKlibCommonizerClasspath,ktlint,ktlintBaselineReporter,ktlintReporter,ktlintRuleset,testCompileClasspath
org.jetbrains:annotations:23.0.0=testRuntimeClasspath
org.junit.platform:junit-platform-commons:1.12.2=testCompileClasspath,testImplementationDependenciesMetadata,testRuntimeClasspath
org.junit.platform:junit-platform-engine:1.12.2=testCompileClasspath,testImplementationDependenciesMetadata,testRuntimeClasspath
org.junit.vintage:junit-vintage-engine:5.12.2=testCompileClasspath,testImplementationDependenciesMetadata,testRuntimeClasspath
org.junit:junit-bom:5.12.2=testCompileClasspath,testImplementationDependenciesMetadata,testRuntimeClasspath
org.jvnet.staxex:stax-ex:1.8.1=testRuntimeClasspath
org.opentest4j:opentest4j:1.3.0=testCompileClasspath,testImplementationDependenciesMetadata,testRuntimeClasspath
org.ow2.asm:asm-analysis:9.6=testRuntimeClasspath
org.ow2.asm:asm-commons:9.6=compileClasspath,compileOnlyDependenciesMetadata,testCompileClasspath,testImplementationDependenciesMetadata,testRuntimeClasspath
org.ow2.asm:asm-tree:9.6=compileClasspath,compileOnlyDependenciesMetadata,testCompileClasspath,testImplementationDependenciesMetadata,testRuntimeClasspath
org.ow2.asm:asm:9.6=compileClasspath,compileOnlyDependenciesMetadata,testCompileClasspath,testImplementationDependenciesMetadata,testRuntimeClasspath
org.slf4j:slf4j-api:2.0.4=ktlint
empty=annotationProcessor,apiDependenciesMetadata,implementationDependenciesMetadata,intransitiveDependenciesMetadata,jvmTestCompileClasspathForLint,jvmTestRuntimeClasspathForLint,kotlinCompilerPluginClasspath,kotlinNativeCompilerPluginClasspath,kotlinScriptDefExtensions,lintChecks,runtimeClasspath,testAnnotationProcessor,testApiDependenciesMetadata,testCompileOnlyDependenciesMetadata,testIntransitiveDependenciesMetadata,testKotlinScriptDefExtensions
