# This is a Gradle generated file for dependency locking.
# Manual edits can break the build and are not advised.
# This file is expected to be part of source control.
# To regenerate this file, run: ./gradlew :provides-sensor-processor:dependencies --write-locks
ch.qos.logback:logback-classic:1.3.14=ktlint
ch.qos.logback:logback-core:1.3.14=ktlint
com.github.ajalt.clikt:clikt-jvm:5.0.2=ktlint
com.github.ajalt.clikt:clikt:5.0.2=ktlint
com.google.devtools.ksp:symbol-processing-aa-embeddable:2.3.10=testCompileClasspath,testRuntimeClasspath
com.google.devtools.ksp:symbol-processing-api:2.3.10=compileClasspath,runtimeClasspath,testCompileClasspath,testRuntimeClasspath
com.google.devtools.ksp:symbol-processing-common-deps:2.3.10=testCompileClasspath,testRuntimeClasspath
com.pinterest.ktlint:ktlint-cli-reporter-baseline:1.5.0=ktlint,ktlintBaselineReporter
com.pinterest.ktlint:ktlint-cli-reporter-checkstyle:1.5.0=ktlint
com.pinterest.ktlint:ktlint-cli-reporter-core:1.5.0=ktlint,ktlintBaselineReporter
com.pinterest.ktlint:ktlint-cli-reporter-format:1.5.0=ktlint
com.pinterest.ktlint:ktlint-cli-reporter-html:1.5.0=ktlint
com.pinterest.ktlint:ktlint-cli-reporter-json:1.5.0=ktlint
com.pinterest.ktlint:ktlint-cli-reporter-plain-summary:1.5.0=ktlint
com.pinterest.ktlint:ktlint-cli-reporter-plain:1.5.0=ktlint
com.pinterest.ktlint:ktlint-cli-reporter-sarif:1.5.0=ktlint
com.pinterest.ktlint:ktlint-cli-ruleset-core:1.5.0=ktlint,ktlintRuleset
com.pinterest.ktlint:ktlint-cli:1.5.0=ktlint
com.pinterest.ktlint:ktlint-logger:1.5.0=ktlint,ktlintBaselineReporter,ktlintRuleset
com.pinterest.ktlint:ktlint-rule-engine-core:1.5.0=ktlint,ktlintBaselineReporter,ktlintRuleset
com.pinterest.ktlint:ktlint-rule-engine:1.5.0=ktlint
com.pinterest.ktlint:ktlint-ruleset-standard:1.5.0=ktlint,ktlintRuleset
com.squareup:kotlinpoet-ksp:1.11.0=compileClasspath,runtimeClasspath,testCompileClasspath,testRuntimeClasspath
com.squareup:kotlinpoet:1.11.0=compileClasspath,runtimeClasspath,testCompileClasspath,testRuntimeClasspath
dev.drewhamilton.poko:poko-annotations-jvm:0.18.0=ktlint,ktlintBaselineReporter,ktlintRuleset
dev.drewhamilton.poko:poko-annotations:0.18.0=ktlint,ktlintBaselineReporter,ktlintRuleset
io.github.detekt.sarif4k:sarif4k-jvm:0.6.0=ktlint,ktlintReporter
io.github.detekt.sarif4k:sarif4k:0.6.0=ktlint,ktlintReporter
io.github.oshai:kotlin-logging-jvm:7.0.3=ktlint,ktlintBaselineReporter,ktlintReporter,ktlintRuleset
io.github.oshai:kotlin-logging:5.1.0=ktlint,ktlintBaselineReporter,ktlintReporter
org.apiguardian:apiguardian-api:1.1.2=testCompileClasspath
org.ec4j.core:ec4j-core:1.1.0=ktlint,ktlintBaselineReporter,ktlintRuleset
org.jetbrains.intellij.deps:trove4j:1.0.20200330=ktlint,ktlintBaselineReporter,ktlintRuleset
org.jetbrains.kotlin:kotlin-build-tools-api:2.4.0=kotlinAbiValidationCompatClasspath,kotlinBuildToolsApiClasspath,kotlinCompilerClasspath,kotlinKlibCommonizerClasspath
org.jetbrains.kotlin:kotlin-build-tools-compat:2.4.0=kotlinAbiValidationCompatClasspath,kotlinBuildToolsApiClasspath,kotlinCompilerClasspath
org.jetbrains.kotlin:kotlin-build-tools-cri-impl:2.4.0=kotlinAbiValidationCompatClasspath,kotlinBuildToolsApiClasspath,kotlinCompilerClasspath
org.jetbrains.kotlin:kotlin-build-tools-impl:2.4.0=kotlinAbiValidationCompatClasspath,kotlinBuildToolsApiClasspath,kotlinCompilerClasspath
org.jetbrains.kotlin:kotlin-compiler-embeddable:2.1.0=ktlint,ktlintBaselineReporter,ktlintRuleset
org.jetbrains.kotlin:kotlin-compiler-embeddable:2.4.0=kotlinAbiValidationCompatClasspath,kotlinBuildToolsApiClasspath,kotlinCompilerClasspath,kotlinKlibCommonizerClasspath
org.jetbrains.kotlin:kotlin-compiler-runner:2.4.0=kotlinAbiValidationCompatClasspath,kotlinBuildToolsApiClasspath,kotlinCompilerClasspath
org.jetbrains.kotlin:kotlin-daemon-client:2.4.0=kotlinAbiValidationCompatClasspath,kotlinBuildToolsApiClasspath,kotlinCompilerClasspath
org.jetbrains.kotlin:kotlin-daemon-embeddable:2.1.0=ktlint,ktlintBaselineReporter,ktlintRuleset
org.jetbrains.kotlin:kotlin-daemon-embeddable:2.4.0=kotlinAbiValidationCompatClasspath,kotlinBuildToolsApiClasspath,kotlinCompilerClasspath,kotlinKlibCommonizerClasspath
org.jetbrains.kotlin:kotlin-klib-commonizer-embeddable:2.4.0=kotlinKlibCommonizerClasspath
org.jetbrains.kotlin:kotlin-reflect:1.6.10=kotlinAbiValidationCompatClasspath,kotlinBuildToolsApiClasspath,kotlinCompilerClasspath,kotlinKlibCommonizerClasspath,ktlint,ktlintBaselineReporter,ktlintRuleset,runtimeClasspath,testRuntimeClasspath
org.jetbrains.kotlin:kotlin-script-runtime:2.1.0=ktlint,ktlintBaselineReporter,ktlintRuleset
org.jetbrains.kotlin:kotlin-script-runtime:2.4.0=kotlinAbiValidationCompatClasspath,kotlinBuildToolsApiClasspath,kotlinCompilerClasspath,kotlinCompilerPluginClasspathMain,kotlinCompilerPluginClasspathTest,kotlinKlibCommonizerClasspath
org.jetbrains.kotlin:kotlin-scripting-common:2.4.0=kotlinCompilerPluginClasspathMain,kotlinCompilerPluginClasspathTest
org.jetbrains.kotlin:kotlin-scripting-compiler-embeddable:2.4.0=kotlinCompilerPluginClasspathMain,kotlinCompilerPluginClasspathTest
org.jetbrains.kotlin:kotlin-scripting-compiler-impl-embeddable:2.4.0=kotlinCompilerPluginClasspathMain,kotlinCompilerPluginClasspathTest
org.jetbrains.kotlin:kotlin-scripting-jvm:2.4.0=kotlinCompilerPluginClasspathMain,kotlinCompilerPluginClasspathTest
org.jetbrains.kotlin:kotlin-stdlib-common:2.1.0=ktlintReporter
org.jetbrains.kotlin:kotlin-stdlib-jdk7:1.8.0=compileClasspath,ktlintReporter,runtimeClasspath,testCompileClasspath,testRuntimeClasspath
org.jetbrains.kotlin:kotlin-stdlib-jdk8:1.8.0=compileClasspath,ktlintReporter,runtimeClasspath,testCompileClasspath,testRuntimeClasspath
org.jetbrains.kotlin:kotlin-stdlib:2.1.0=ktlint,ktlintBaselineReporter,ktlintReporter,ktlintRuleset
org.jetbrains.kotlin:kotlin-stdlib:2.4.0=compileClasspath,kotlinAbiValidationCompatClasspath,kotlinBuildToolsApiClasspath,kotlinCompilerClasspath,kotlinCompilerPluginClasspathMain,kotlinCompilerPluginClasspathTest,kotlinKlibCommonizerClasspath,runtimeClasspath,testCompileClasspath,testRuntimeClasspath
org.jetbrains.kotlin:kotlin-tooling-core:2.4.0=kotlinAbiValidationCompatClasspath,kotlinBuildToolsApiClasspath,kotlinCompilerClasspath
org.jetbrains.kotlinx:kotlinx-coroutines-core-jvm:1.6.4=ktlint,ktlintBaselineReporter,ktlintRuleset
org.jetbrains.kotlinx:kotlinx-coroutines-core-jvm:1.8.0=kotlinAbiValidationCompatClasspath,kotlinBuildToolsApiClasspath,kotlinCompilerClasspath,kotlinKlibCommonizerClasspath
org.jetbrains.kotlinx:kotlinx-serialization-core-jvm:1.4.1=ktlintReporter
org.jetbrains.kotlinx:kotlinx-serialization-core:1.4.1=ktlintReporter
org.jetbrains.kotlinx:kotlinx-serialization-json-jvm:1.4.1=ktlintReporter
org.jetbrains.kotlinx:kotlinx-serialization-json:1.4.1=ktlintReporter
org.jetbrains:annotations:13.0=compileClasspath,kotlinAbiValidationCompatClasspath,kotlinBuildToolsApiClasspath,kotlinCompilerClasspath,kotlinCompilerPluginClasspathMain,kotlinCompilerPluginClasspathTest,kotlinKlibCommonizerClasspath,ktlint,ktlintBaselineReporter,ktlintReporter,ktlintRuleset,runtimeClasspath,testCompileClasspath,testRuntimeClasspath
org.jspecify:jspecify:1.0.0=testCompileClasspath
org.junit.jupiter:junit-jupiter-api:6.1.1=testCompileClasspath,testRuntimeClasspath
org.junit.jupiter:junit-jupiter-engine:6.1.1=testRuntimeClasspath
org.junit.jupiter:junit-jupiter-params:6.1.1=testCompileClasspath,testRuntimeClasspath
org.junit.jupiter:junit-jupiter:6.1.1=testCompileClasspath,testRuntimeClasspath
org.junit.platform:junit-platform-commons:6.1.1=testCompileClasspath,testRuntimeClasspath
org.junit.platform:junit-platform-engine:6.1.1=testRuntimeClasspath
org.junit.platform:junit-platform-launcher:6.1.1=testRuntimeClasspath
org.junit:junit-bom:6.1.1=testCompileClasspath,testRuntimeClasspath
org.opentest4j:opentest4j:1.3.0=testCompileClasspath,testRuntimeClasspath
org.slf4j:slf4j-api:2.0.7=ktlint
empty=annotationProcessor,implementationDependenciesMetadata,kotlinCompilerPluginClasspath,kotlinNativeCompilerPluginClasspath,kotlinScriptDefExtensions,testAnnotationProcessor,testImplementationDependenciesMetadata,testKotlinScriptDefExtensions
